<?xml version="1.0" encoding="utf-8"?>
<Project ToolsVersion="4.0" xmlns="http://schemas.microsoft.com/developer/msbuild/2003">
  <ItemGroup>
    <Filter Include="Source Files">
      <UniqueIdentifier>{4FC737F1-C7A5-4376-A066-2A32D752A2FF}</UniqueIdentifier>
      <Extensions>cpp;c;cc;cxx;def;odl;idl;hpj;bat;asm;asmx</Extensions>
    </Filter>
    <Filter Include="Source Files\EPI">
      <UniqueIdentifier>{d5caa157-9ad5-460d-8455-8b92258484c4}</UniqueIdentifier>
    </Filter>
    <Filter Include="Source Files\board">
      <UniqueIdentifier>{5413a05e-17f9-402b-b99c-629909092c65}</UniqueIdentifier>
    </Filter>
    <Filter Include="Source Files\dp">
      <UniqueIdentifier>{8a5819f6-b141-437b-8c44-c32a42473e73}</UniqueIdentifier>
    </Filter>
    <Filter Include="Header Files">
      <UniqueIdentifier>{93995380-89BD-4b04-88EB-625FBE52EBFB}</UniqueIdentifier>
      <Extensions>h;hpp;hxx;hm;inl;inc;xsd</Extensions>
    </Filter>
    <Filter Include="Resource Files">
      <UniqueIdentifier>{67DA6AB6-F800-4c08-8B7A-83BB121AAD01}</UniqueIdentifier>
      <Extensions>rc;ico;cur;bmp;dlg;rc2;rct;bin;rgs;gif;jpg;jpeg;jpe;resx;tiff;tif;png;wav</Extensions>
    </Filter>
    <Filter Include="Source Files\concurrency">
      <UniqueIdentifier>{4abf30c7-519a-418d-b0ea-4efbffb5ebe3}</UniqueIdentifier>
    </Filter>
  </ItemGroup>
  <ItemGroup>
    <ClCompile Include="3sum.cpp">
      <Filter>Source Files</Filter>
    </ClCompile>
    <ClCompile Include="3sumcloest.cpp">
      <Filter>Source Files</Filter>
    </ClCompile>
    <ClCompile Include="addBinary.cpp">
      <Filter>Source Files</Filter>
    </ClCompile>
    <ClCompile Include="addtwonumbers.cpp">
      <Filter>Source Files</Filter>
    </ClCompile>
    <ClCompile Include="anagrams.cpp">
      <Filter>Source Files</Filter>
    </ClCompile>
    <ClCompile Include="arraysum.cpp">
      <Filter>Source Files</Filter>
    </ClCompile>
    <ClCompile Include="atoi.cpp">
      <Filter>Source Files</Filter>
    </ClCompile>
    <ClCompile Include="binarysearch.cpp">
      <Filter>Source Files</Filter>
    </ClCompile>
    <ClCompile Include="binarysort.cpp">
      <Filter>Source Files</Filter>
    </ClCompile>
    <ClCompile Include="buildTree.cpp">
      <Filter>Source Files</Filter>
    </ClCompile>
    <ClCompile Include="buildTree1.cpp">
      <Filter>Source Files</Filter>
    </ClCompile>
    <ClCompile Include="canCompleteCircuit.cpp">
      <Filter>Source Files</Filter>
    </ClCompile>
    <ClCompile Include="candy.cpp">
      <Filter>Source Files</Filter>
    </ClCompile>
    <ClCompile Include="canJump.cpp">
      <Filter>Source Files</Filter>
    </ClCompile>
    <ClCompile Include="cc1.1.cpp">
      <Filter>Source Files</Filter>
    </ClCompile>
    <ClCompile Include="climbStairs.cpp">
      <Filter>Source Files</Filter>
    </ClCompile>
    <ClCompile Include="combinationSum.cpp">
      <Filter>Source Files</Filter>
    </ClCompile>
    <ClCompile Include="combinationSum2.cpp">
      <Filter>Source Files</Filter>
    </ClCompile>
    <ClCompile Include="combine.cpp">
      <Filter>Source Files</Filter>
    </ClCompile>
    <ClCompile Include="commonstring.cpp">
      <Filter>Source Files</Filter>
    </ClCompile>
    <ClCompile Include="connect.cpp">
      <Filter>Source Files</Filter>
    </ClCompile>
    <ClCompile Include="containerwithmostwater.cpp">
      <Filter>Source Files</Filter>
    </ClCompile>
    <ClCompile Include="copyRandomList.cpp">
      <Filter>Source Files</Filter>
    </ClCompile>
    <ClCompile Include="deleteDuplicates.cpp">
      <Filter>Source Files</Filter>
    </ClCompile>
    <ClCompile Include="divide.cpp">
      <Filter>Source Files</Filter>
    </ClCompile>
    <ClCompile Include="exist.cpp">
      <Filter>Source Files</Filter>
    </ClCompile>
    <ClCompile Include="findSubstring.cpp">
      <Filter>Source Files</Filter>
    </ClCompile>
    <ClCompile Include="firstMissingPositive.cpp">
      <Filter>Source Files</Filter>
    </ClCompile>
    <ClCompile Include="flatten.cpp">
      <Filter>Source Files</Filter>
    </ClCompile>
    <ClCompile Include="fourSum.cpp">
      <Filter>Source Files</Filter>
    </ClCompile>
    <ClCompile Include="fullJustify.cpp">
      <Filter>Source Files</Filter>
    </ClCompile>
    <ClCompile Include="generate.cpp">
      <Filter>Source Files</Filter>
    </ClCompile>
    <ClCompile Include="generateMatrix.cpp">
      <Filter>Source Files</Filter>
    </ClCompile>
    <ClCompile Include="generateParenthesis.cpp">
      <Filter>Source Files</Filter>
    </ClCompile>
    <ClCompile Include="generateTrees.cpp">
      <Filter>Source Files</Filter>
    </ClCompile>
    <ClCompile Include="getPermutation.cpp">
      <Filter>Source Files</Filter>
    </ClCompile>
    <ClCompile Include="grayCode.cpp">
      <Filter>Source Files</Filter>
    </ClCompile>
    <ClCompile Include="handlelog.cpp">
      <Filter>Source Files</Filter>
    </ClCompile>
    <ClCompile Include="hasPathSum.cpp">
      <Filter>Source Files</Filter>
    </ClCompile>
    <ClCompile Include="inorderTraversal.cpp">
      <Filter>Source Files</Filter>
    </ClCompile>
    <ClCompile Include="insert.cpp">
      <Filter>Source Files</Filter>
    </ClCompile>
    <ClCompile Include="isBalanced.cpp">
      <Filter>Source Files</Filter>
    </ClCompile>
    <ClCompile Include="isInterleave.cpp">
      <Filter>Source Files</Filter>
    </ClCompile>
    <ClCompile Include="isMatch.cpp">
      <Filter>Source Files</Filter>
    </ClCompile>
    <ClCompile Include="isnumber.cpp">
      <Filter>Source Files</Filter>
    </ClCompile>
    <ClCompile Include="isPalindrome.cpp">
      <Filter>Source Files</Filter>
    </ClCompile>
    <ClCompile Include="isSameTree.cpp">
      <Filter>Source Files</Filter>
    </ClCompile>
    <ClCompile Include="isScramble.cpp">
      <Filter>Source Files</Filter>
    </ClCompile>
    <ClCompile Include="isSymmetric.cpp">
      <Filter>Source Files</Filter>
    </ClCompile>
    <ClCompile Include="isValidBST.cpp">
      <Filter>Source Files</Filter>
    </ClCompile>
    <ClCompile Include="isValidSudoku.cpp">
      <Filter>Source Files</Filter>
    </ClCompile>
    <ClCompile Include="jump.cpp">
      <Filter>Source Files</Filter>
    </ClCompile>
    <ClCompile Include="ladderLength.cpp">
      <Filter>Source Files</Filter>
    </ClCompile>
    <ClCompile Include="largestRectangleArea.cpp">
      <Filter>Source Files</Filter>
    </ClCompile>
    <ClCompile Include="lengthOfLastWord.cpp">
      <Filter>Source Files</Filter>
    </ClCompile>
    <ClCompile Include="lengthOfLongestSubstring.cpp">
      <Filter>Source Files</Filter>
    </ClCompile>
    <ClCompile Include="letterCombinations.cpp">
      <Filter>Source Files</Filter>
    </ClCompile>
    <ClCompile Include="levelOrder.cpp">
      <Filter>Source Files</Filter>
    </ClCompile>
    <ClCompile Include="levelOrderBottom.cpp">
      <Filter>Source Files</Filter>
    </ClCompile>
    <ClCompile Include="longestcommonprefix.cpp">
      <Filter>Source Files</Filter>
    </ClCompile>
    <ClCompile Include="longestConsecutive.cpp">
      <Filter>Source Files</Filter>
    </ClCompile>
    <ClCompile Include="longestpalindromsubstring.cpp">
      <Filter>Source Files</Filter>
    </ClCompile>
    <ClCompile Include="longestsubstring.cpp">
      <Filter>Source Files</Filter>
    </ClCompile>
    <ClCompile Include="longestValidParentheses.cpp">
      <Filter>Source Files</Filter>
    </ClCompile>
    <ClCompile Include="maxDepth.cpp">
      <Filter>Source Files</Filter>
    </ClCompile>
    <ClCompile Include="maximalRectangle.cpp">
      <Filter>Source Files</Filter>
    </ClCompile>
    <ClCompile Include="maxPathSum.cpp">
      <Filter>Source Files</Filter>
    </ClCompile>
    <ClCompile Include="maxProfit.cpp">
      <Filter>Source Files</Filter>
    </ClCompile>
    <ClCompile Include="maxSubArray.cpp">
      <Filter>Source Files</Filter>
    </ClCompile>
    <ClCompile Include="median.cpp">
      <Filter>Source Files</Filter>
    </ClCompile>
    <ClCompile Include="medianoftwosortedarray.cpp">
      <Filter>Source Files</Filter>
    </ClCompile>
    <ClCompile Include="merge.cpp">
      <Filter>Source Files</Filter>
    </ClCompile>
    <ClCompile Include="merge2.cpp">
      <Filter>Source Files</Filter>
    </ClCompile>
    <ClCompile Include="mergeKLists.cpp">
      <Filter>Source Files</Filter>
    </ClCompile>
    <ClCompile Include="mergeTwoLists.cpp">
      <Filter>Source Files</Filter>
    </ClCompile>
    <ClCompile Include="minCut.cpp">
      <Filter>Source Files</Filter>
    </ClCompile>
    <ClCompile Include="minDepth.cpp">
      <Filter>Source Files</Filter>
    </ClCompile>
    <ClCompile Include="minDistance.cpp">
      <Filter>Source Files</Filter>
    </ClCompile>
    <ClCompile Include="minimumTotal.cpp">
      <Filter>Source Files</Filter>
    </ClCompile>
    <ClCompile Include="minPathSum.cpp">
      <Filter>Source Files</Filter>
    </ClCompile>
    <ClCompile Include="minWindow.cpp">
      <Filter>Source Files</Filter>
    </ClCompile>
    <ClCompile Include="multiply1.cpp">
      <Filter>Source Files</Filter>
    </ClCompile>
    <ClCompile Include="mutifu.cpp">
      <Filter>Source Files</Filter>
    </ClCompile>
    <ClCompile Include="nextPermutation.cpp">
      <Filter>Source Files</Filter>
    </ClCompile>
    <ClCompile Include="numDecodings.cpp">
      <Filter>Source Files</Filter>
    </ClCompile>
    <ClCompile Include="numDistinct.cpp">
      <Filter>Source Files</Filter>
    </ClCompile>
    <ClCompile Include="numTrees.cpp">
      <Filter>Source Files</Filter>
    </ClCompile>
    <ClCompile Include="palindromnumber.cpp">
      <Filter>Source Files</Filter>
    </ClCompile>
    <ClCompile Include="partition.cpp">
      <Filter>Source Files</Filter>
    </ClCompile>
    <ClCompile Include="partition1.cpp">
      <Filter>Source Files</Filter>
    </ClCompile>
    <ClCompile Include="permute.cpp">
      <Filter>Source Files</Filter>
    </ClCompile>
    <ClCompile Include="permute1.cpp">
      <Filter>Source Files</Filter>
    </ClCompile>
    <ClCompile Include="permuteUnique.cpp">
      <Filter>Source Files</Filter>
    </ClCompile>
    <ClCompile Include="plusOne.cpp">
      <Filter>Source Files</Filter>
    </ClCompile>
    <ClCompile Include="postorder.cpp">
      <Filter>Source Files</Filter>
    </ClCompile>
    <ClCompile Include="pow.cpp">
      <Filter>Source Files</Filter>
    </ClCompile>
    <ClCompile Include="recoverTree.cpp">
      <Filter>Source Files</Filter>
    </ClCompile>
    <ClCompile Include="regularexpression.cpp">
      <Filter>Source Files</Filter>
    </ClCompile>
    <ClCompile Include="remove_redundant.cpp">
      <Filter>Source Files</Filter>
    </ClCompile>
    <ClCompile Include="removeDuplicates.cpp">
      <Filter>Source Files</Filter>
    </ClCompile>
    <ClCompile Include="removeDuplicates2.cpp">
      <Filter>Source Files</Filter>
    </ClCompile>
    <ClCompile Include="removeElement.cpp">
      <Filter>Source Files</Filter>
    </ClCompile>
    <ClCompile Include="removeNthFromEnd.cpp">
      <Filter>Source Files</Filter>
    </ClCompile>
    <ClCompile Include="restoreIpAddresses.cpp">
      <Filter>Source Files</Filter>
    </ClCompile>
    <ClCompile Include="reverseBetween.cpp">
      <Filter>Source Files</Filter>
    </ClCompile>
    <ClCompile Include="reverseinteger.cpp">
      <Filter>Source Files</Filter>
    </ClCompile>
    <ClCompile Include="reverseKGroup.cpp">
      <Filter>Source Files</Filter>
    </ClCompile>
    <ClCompile Include="reverseword.cpp">
      <Filter>Source Files</Filter>
    </ClCompile>
    <ClCompile Include="rotate.cpp">
      <Filter>Source Files</Filter>
    </ClCompile>
    <ClCompile Include="rotateRight.cpp">
      <Filter>Source Files</Filter>
    </ClCompile>
    <ClCompile Include="search.cpp">
      <Filter>Source Files</Filter>
    </ClCompile>
    <ClCompile Include="search2.cpp">
      <Filter>Source Files</Filter>
    </ClCompile>
    <ClCompile Include="searchInsert.cpp">
      <Filter>Source Files</Filter>
    </ClCompile>
    <ClCompile Include="searchMatrix.cpp">
      <Filter>Source Files</Filter>
    </ClCompile>
    <ClCompile Include="searchRange.cpp">
      <Filter>Source Files</Filter>
    </ClCompile>
    <ClCompile Include="setZeroes.cpp">
      <Filter>Source Files</Filter>
    </ClCompile>
    <ClCompile Include="simplifyPath.cpp">
      <Filter>Source Files</Filter>
    </ClCompile>
    <ClCompile Include="singleNumber.cpp">
      <Filter>Source Files</Filter>
    </ClCompile>
    <ClCompile Include="solve.cpp">
      <Filter>Source Files</Filter>
    </ClCompile>
    <ClCompile Include="solveNQueens.cpp">
      <Filter>Source Files</Filter>
    </ClCompile>
    <ClCompile Include="solveSudoku.cpp">
      <Filter>Source Files</Filter>
    </ClCompile>
    <ClCompile Include="sort.cpp">
      <Filter>Source Files</Filter>
    </ClCompile>
    <ClCompile Include="sortColors.cpp">
      <Filter>Source Files</Filter>
    </ClCompile>
    <ClCompile Include="sortedArrayToBST.cpp">
      <Filter>Source Files</Filter>
    </ClCompile>
    <ClCompile Include="sortedListToBST.cpp">
      <Filter>Source Files</Filter>
    </ClCompile>
    <ClCompile Include="spiralOrder.cpp">
      <Filter>Source Files</Filter>
    </ClCompile>
    <ClCompile Include="sqrt.cpp">
      <Filter>Source Files</Filter>
    </ClCompile>
    <ClCompile Include="stringwindow.cpp">
      <Filter>Source Files</Filter>
    </ClCompile>
    <ClCompile Include="strStr.cpp">
      <Filter>Source Files</Filter>
    </ClCompile>
    <ClCompile Include="subsets.cpp">
      <Filter>Source Files</Filter>
    </ClCompile>
    <ClCompile Include="subsetsWithDup.cpp">
      <Filter>Source Files</Filter>
    </ClCompile>
    <ClCompile Include="sumNumbers.cpp">
      <Filter>Source Files</Filter>
    </ClCompile>
    <ClCompile Include="swapPairs.cpp">
      <Filter>Source Files</Filter>
    </ClCompile>
    <ClCompile Include="trap.cpp">
      <Filter>Source Files</Filter>
    </ClCompile>
    <ClCompile Include="trie.cpp">
      <Filter>Source Files</Filter>
    </ClCompile>
    <ClCompile Include="twosum.cpp">
      <Filter>Source Files</Filter>
    </ClCompile>
    <ClCompile Include="UndirectedGraphNode.cpp">
      <Filter>Source Files</Filter>
    </ClCompile>
    <ClCompile Include="uniquePaths.cpp">
      <Filter>Source Files</Filter>
    </ClCompile>
    <ClCompile Include="validparenthesis.cpp">
      <Filter>Source Files</Filter>
    </ClCompile>
    <ClCompile Include="wordBreak.cpp">
      <Filter>Source Files</Filter>
    </ClCompile>
    <ClCompile Include="wordBreak2.cpp">
      <Filter>Source Files</Filter>
    </ClCompile>
    <ClCompile Include="zigzagconversion.cpp">
      <Filter>Source Files</Filter>
    </ClCompile>
    <ClCompile Include="zigzagLevelOrder.cpp">
      <Filter>Source Files</Filter>
    </ClCompile>
    <ClCompile Include="LIS.cpp">
      <Filter>Source Files\dp</Filter>
    </ClCompile>
    <ClCompile Include="hello.cpp">
      <Filter>Source Files\concurrency</Filter>
    </ClCompile>
    <ClCompile Include="2.3RAII.cpp">
      <Filter>Source Files\concurrency</Filter>
    </ClCompile>
    <ClCompile Include="linklistfb.cpp">
      <Filter>Source Files\board</Filter>
    </ClCompile>
    <ClCompile Include="3.1mutex.cpp">
      <Filter>Source Files\concurrency</Filter>
    </ClCompile>
    <ClCompile Include="3.5stack.cpp">
      <Filter>Source Files\concurrency</Filter>
    </ClCompile>
    <ClCompile Include="4.5threadsafequeue.cpp">
      <Filter>Source Files\concurrency</Filter>
    </ClCompile>
    <ClCompile Include="6.1threadsafestack.cpp">
      <Filter>Source Files\concurrency</Filter>
    </ClCompile>
    <ClCompile Include="6.3threadsafequeue.cpp">
      <Filter>Source Files\concurrency</Filter>
    </ClCompile>
    <ClCompile Include="procon.cpp">
      <Filter>Source Files\concurrency</Filter>
    </ClCompile>
    <ClCompile Include="procon1.cpp">
      <Filter>Source Files\concurrency</Filter>
    </ClCompile>
    <ClCompile Include="postorderiterator.cpp">
      <Filter>Source Files\board</Filter>
    </ClCompile>
    <ClCompile Include="sortlinkedlist.cpp">
      <Filter>Source Files\board</Filter>
    </ClCompile>
    <ClCompile Include="lru.cpp">
      <Filter>Source Files\board</Filter>
    </ClCompile>
    <ClCompile Include="quicksort.cpp">
      <Filter>Source Files\board</Filter>
    </ClCompile>
    <ClCompile Include="getuncommentfb.cpp">
      <Filter>Source Files\board</Filter>
    </ClCompile>
  </ItemGroup>
</Project>